<?xml version="1.0" encoding="UTF-8"?>
<CodeBlocks_project_file>
	<FileVersion major="1" minor="6"/>
	<Project>
		<Option title="pp"/>
		<Option makefile_is_custom="1"/>
		<Option compiler="gcc"/>
		<Option virtualFolders="CMake Files\;CMake Files\..\;CMake Files\..\..\;CMake Files\..\..\..\;CMake Files\..\..\..\..\;CMake Files\..\..\..\..\usr\;CMake Files\..\..\..\..\usr\lib\;CMake Files\..\..\..\..\usr\lib\x86_64-linux-gnu\;CMake Files\..\..\..\..\usr\lib\x86_64-linux-gnu\cmake\;CMake Files\..\..\..\..\usr\lib\x86_64-linux-gnu\cmake\Boost-1.74.0\;CMake Files\..\..\..\..\usr\lib\x86_64-linux-gnu\cmake\boost_headers-1.74.0\;CMake Files\..\..\..\..\usr\lib\x86_64-linux-gnu\cmake\boost_program_options-1.74.0\;CMake Files\..\..\..\..\usr\lib\x86_64-linux-gnu\cmake\boost_system-1.74.0\;CMake Files\..\..\..\..\usr\lib\x86_64-linux-gnu\cmake\boost_filesystem-1.74.0\;CMake Files\..\..\..\..\usr\local\;CMake Files\..\..\..\..\usr\local\lib\;CMake Files\..\..\..\..\usr\local\lib\cmake\;CMake Files\..\..\..\..\usr\local\lib\cmake\dlib\;"/>
		<Build>
			<Target title="all">
				<Option working_dir="/home/christina/exp/Prioritized-Planning-with-ML"/>
				<Option type="4"/>
				<MakeCommands>
					<Build command="/usr/bin/make -f &quot;/home/christina/exp/Prioritized-Planning-with-ML/Makefile&quot;  VERBOSE=1 all"/>
					<CompileFile command="/usr/bin/make -f &quot;/home/christina/exp/Prioritized-Planning-with-ML/Makefile&quot;  VERBOSE=1 &quot;$file&quot;"/>
					<Clean command="/usr/bin/make -f &quot;/home/christina/exp/Prioritized-Planning-with-ML/Makefile&quot;  VERBOSE=1 clean"/>
					<DistClean command="/usr/bin/make -f &quot;/home/christina/exp/Prioritized-Planning-with-ML/Makefile&quot;  VERBOSE=1 clean"/>
				</MakeCommands>
			</Target>
			<Target title="pp">
				<Option output="/home/christina/exp/Prioritized-Planning-with-ML/pp" prefix_auto="0" extension_auto="0"/>
				<Option working_dir="/home/christina/exp/Prioritized-Planning-with-ML"/>
				<Option object_output="./"/>
				<Option type="1"/>
				<Option compiler="gcc"/>
				<Compiler>
					<Add option="-DBOOST_ALL_NO_LIB"/>
					<Add option="-DBOOST_PROGRAM_OPTIONS_DYN_LINK"/>
					<Add option="-DBOOST_SYSTEM_DYN_LINK"/>
					<Add option="-DBOOST_FILESYSTEM_DYN_LINK"/>
					<Add directory="/home/christina/exp/Prioritized-Planning-with-ML/inc"/>
				</Compiler>
				<MakeCommands>
					<Build command="/usr/bin/make -f &quot;/home/christina/exp/Prioritized-Planning-with-ML/Makefile&quot;  VERBOSE=1 pp"/>
					<CompileFile command="/usr/bin/make -f &quot;/home/christina/exp/Prioritized-Planning-with-ML/Makefile&quot;  VERBOSE=1 &quot;$file&quot;"/>
					<Clean command="/usr/bin/make -f &quot;/home/christina/exp/Prioritized-Planning-with-ML/Makefile&quot;  VERBOSE=1 clean"/>
					<DistClean command="/usr/bin/make -f &quot;/home/christina/exp/Prioritized-Planning-with-ML/Makefile&quot;  VERBOSE=1 clean"/>
				</MakeCommands>
			</Target>
			<Target title="pp/fast">
				<Option output="/home/christina/exp/Prioritized-Planning-with-ML/pp" prefix_auto="0" extension_auto="0"/>
				<Option working_dir="/home/christina/exp/Prioritized-Planning-with-ML"/>
				<Option object_output="./"/>
				<Option type="1"/>
				<Option compiler="gcc"/>
				<Compiler>
					<Add option="-DBOOST_ALL_NO_LIB"/>
					<Add option="-DBOOST_PROGRAM_OPTIONS_DYN_LINK"/>
					<Add option="-DBOOST_SYSTEM_DYN_LINK"/>
					<Add option="-DBOOST_FILESYSTEM_DYN_LINK"/>
					<Add directory="/home/christina/exp/Prioritized-Planning-with-ML/inc"/>
				</Compiler>
				<MakeCommands>
					<Build command="/usr/bin/make -f &quot;/home/christina/exp/Prioritized-Planning-with-ML/Makefile&quot;  VERBOSE=1 pp/fast"/>
					<CompileFile command="/usr/bin/make -f &quot;/home/christina/exp/Prioritized-Planning-with-ML/Makefile&quot;  VERBOSE=1 &quot;$file&quot;"/>
					<Clean command="/usr/bin/make -f &quot;/home/christina/exp/Prioritized-Planning-with-ML/Makefile&quot;  VERBOSE=1 clean"/>
					<DistClean command="/usr/bin/make -f &quot;/home/christina/exp/Prioritized-Planning-with-ML/Makefile&quot;  VERBOSE=1 clean"/>
				</MakeCommands>
			</Target>
			<Target title="edit_cache">
				<Option working_dir="/home/christina/exp/Prioritized-Planning-with-ML"/>
				<Option type="4"/>
				<MakeCommands>
					<Build command="/usr/bin/make -f &quot;/home/christina/exp/Prioritized-Planning-with-ML/Makefile&quot;  VERBOSE=1 edit_cache"/>
					<CompileFile command="/usr/bin/make -f &quot;/home/christina/exp/Prioritized-Planning-with-ML/Makefile&quot;  VERBOSE=1 &quot;$file&quot;"/>
					<Clean command="/usr/bin/make -f &quot;/home/christina/exp/Prioritized-Planning-with-ML/Makefile&quot;  VERBOSE=1 clean"/>
					<DistClean command="/usr/bin/make -f &quot;/home/christina/exp/Prioritized-Planning-with-ML/Makefile&quot;  VERBOSE=1 clean"/>
				</MakeCommands>
			</Target>
			<Target title="rebuild_cache">
				<Option working_dir="/home/christina/exp/Prioritized-Planning-with-ML"/>
				<Option type="4"/>
				<MakeCommands>
					<Build command="/usr/bin/make -f &quot;/home/christina/exp/Prioritized-Planning-with-ML/Makefile&quot;  VERBOSE=1 rebuild_cache"/>
					<CompileFile command="/usr/bin/make -f &quot;/home/christina/exp/Prioritized-Planning-with-ML/Makefile&quot;  VERBOSE=1 &quot;$file&quot;"/>
					<Clean command="/usr/bin/make -f &quot;/home/christina/exp/Prioritized-Planning-with-ML/Makefile&quot;  VERBOSE=1 clean"/>
					<DistClean command="/usr/bin/make -f &quot;/home/christina/exp/Prioritized-Planning-with-ML/Makefile&quot;  VERBOSE=1 clean"/>
				</MakeCommands>
			</Target>
		</Build>
		<Unit filename="/home/christina/exp/Prioritized-Planning-with-ML/src/CBS.cpp">
			<Option target="pp"/>
		</Unit>
		<Unit filename="/home/christina/exp/Prioritized-Planning-with-ML/src/CBSHeuristic.cpp">
			<Option target="pp"/>
		</Unit>
		<Unit filename="/home/christina/exp/Prioritized-Planning-with-ML/src/CBSNode.cpp">
			<Option target="pp"/>
		</Unit>
		<Unit filename="/home/christina/exp/Prioritized-Planning-with-ML/src/Conflict.cpp">
			<Option target="pp"/>
		</Unit>
		<Unit filename="/home/christina/exp/Prioritized-Planning-with-ML/src/ConstraintPropagation.cpp">
			<Option target="pp"/>
		</Unit>
		<Unit filename="/home/christina/exp/Prioritized-Planning-with-ML/src/ConstraintTable.cpp">
			<Option target="pp"/>
		</Unit>
		<Unit filename="/home/christina/exp/Prioritized-Planning-with-ML/src/CorridorReasoning.cpp">
			<Option target="pp"/>
		</Unit>
		<Unit filename="/home/christina/exp/Prioritized-Planning-with-ML/src/ECBS.cpp">
			<Option target="pp"/>
		</Unit>
		<Unit filename="/home/christina/exp/Prioritized-Planning-with-ML/src/IncrementalPairwiseMutexPropagation.cpp">
			<Option target="pp"/>
		</Unit>
		<Unit filename="/home/christina/exp/Prioritized-Planning-with-ML/src/Instance.cpp">
			<Option target="pp"/>
		</Unit>
		<Unit filename="/home/christina/exp/Prioritized-Planning-with-ML/src/LiblinearAPI.cpp">
			<Option target="pp"/>
		</Unit>
		<Unit filename="/home/christina/exp/Prioritized-Planning-with-ML/src/LiblinearFeatures.cpp">
			<Option target="pp"/>
		</Unit>
		<Unit filename="/home/christina/exp/Prioritized-Planning-with-ML/src/MDD.cpp">
			<Option target="pp"/>
		</Unit>
		<Unit filename="/home/christina/exp/Prioritized-Planning-with-ML/src/MLFeatures.cpp">
			<Option target="pp"/>
		</Unit>
		<Unit filename="/home/christina/exp/Prioritized-Planning-with-ML/src/MLFeaturesAgent.cpp">
			<Option target="pp"/>
		</Unit>
		<Unit filename="/home/christina/exp/Prioritized-Planning-with-ML/src/MLFeaturesInstance.cpp">
			<Option target="pp"/>
		</Unit>
		<Unit filename="/home/christina/exp/Prioritized-Planning-with-ML/src/MutexReasoning.cpp">
			<Option target="pp"/>
		</Unit>
		<Unit filename="/home/christina/exp/Prioritized-Planning-with-ML/src/PBS.cpp">
			<Option target="pp"/>
		</Unit>
		<Unit filename="/home/christina/exp/Prioritized-Planning-with-ML/src/PP.cpp">
			<Option target="pp"/>
		</Unit>
		<Unit filename="/home/christina/exp/Prioritized-Planning-with-ML/src/PathTable.cpp">
			<Option target="pp"/>
		</Unit>
		<Unit filename="/home/christina/exp/Prioritized-Planning-with-ML/src/RectangleReasoning.cpp">
			<Option target="pp"/>
		</Unit>
		<Unit filename="/home/christina/exp/Prioritized-Planning-with-ML/src/ReservationTable.cpp">
			<Option target="pp"/>
		</Unit>
		<Unit filename="/home/christina/exp/Prioritized-Planning-with-ML/src/SIPP.cpp">
			<Option target="pp"/>
		</Unit>
		<Unit filename="/home/christina/exp/Prioritized-Planning-with-ML/src/SVMRankAPI.cpp">
			<Option target="pp"/>
		</Unit>
		<Unit filename="/home/christina/exp/Prioritized-Planning-with-ML/src/SingleAgentSolver.cpp">
			<Option target="pp"/>
		</Unit>
		<Unit filename="/home/christina/exp/Prioritized-Planning-with-ML/src/SpaceTimeAStar.cpp">
			<Option target="pp"/>
		</Unit>
		<Unit filename="/home/christina/exp/Prioritized-Planning-with-ML/src/common.cpp">
			<Option target="pp"/>
		</Unit>
		<Unit filename="/home/christina/exp/Prioritized-Planning-with-ML/src/driver_train.cpp">
			<Option target="pp"/>
		</Unit>
		<Unit filename="/home/christina/exp/Prioritized-Planning-with-ML/src/solvePP.cpp">
			<Option target="pp"/>
		</Unit>
		<Unit filename="/home/christina/exp/Prioritized-Planning-with-ML/CMakeLists.txt">
			<Option virtualFolder="CMake Files\"/>
		</Unit>
		<Unit filename="/home/christina/exp/Prioritized-Planning-with-ML/../../../../usr/lib/x86_64-linux-gnu/cmake/BoostDetectToolset-1.74.0.cmake">
			<Option virtualFolder="CMake Files\..\..\..\..\usr\lib\x86_64-linux-gnu\cmake\"/>
		</Unit>
		<Unit filename="/home/christina/exp/Prioritized-Planning-with-ML/../../../../usr/lib/x86_64-linux-gnu/cmake/Boost-1.74.0/BoostConfig.cmake">
			<Option virtualFolder="CMake Files\..\..\..\..\usr\lib\x86_64-linux-gnu\cmake\Boost-1.74.0\"/>
		</Unit>
		<Unit filename="/home/christina/exp/Prioritized-Planning-with-ML/../../../../usr/lib/x86_64-linux-gnu/cmake/Boost-1.74.0/BoostConfigVersion.cmake">
			<Option virtualFolder="CMake Files\..\..\..\..\usr\lib\x86_64-linux-gnu\cmake\Boost-1.74.0\"/>
		</Unit>
		<Unit filename="/home/christina/exp/Prioritized-Planning-with-ML/../../../../usr/lib/x86_64-linux-gnu/cmake/boost_headers-1.74.0/boost_headers-config-version.cmake">
			<Option virtualFolder="CMake Files\..\..\..\..\usr\lib\x86_64-linux-gnu\cmake\boost_headers-1.74.0\"/>
		</Unit>
		<Unit filename="/home/christina/exp/Prioritized-Planning-with-ML/../../../../usr/lib/x86_64-linux-gnu/cmake/boost_headers-1.74.0/boost_headers-config.cmake">
			<Option virtualFolder="CMake Files\..\..\..\..\usr\lib\x86_64-linux-gnu\cmake\boost_headers-1.74.0\"/>
		</Unit>
		<Unit filename="/home/christina/exp/Prioritized-Planning-with-ML/../../../../usr/lib/x86_64-linux-gnu/cmake/boost_program_options-1.74.0/boost_program_options-config-version.cmake">
			<Option virtualFolder="CMake Files\..\..\..\..\usr\lib\x86_64-linux-gnu\cmake\boost_program_options-1.74.0\"/>
		</Unit>
		<Unit filename="/home/christina/exp/Prioritized-Planning-with-ML/../../../../usr/lib/x86_64-linux-gnu/cmake/boost_program_options-1.74.0/boost_program_options-config.cmake">
			<Option virtualFolder="CMake Files\..\..\..\..\usr\lib\x86_64-linux-gnu\cmake\boost_program_options-1.74.0\"/>
		</Unit>
		<Unit filename="/home/christina/exp/Prioritized-Planning-with-ML/../../../../usr/lib/x86_64-linux-gnu/cmake/boost_program_options-1.74.0/libboost_program_options-variant-shared.cmake">
			<Option virtualFolder="CMake Files\..\..\..\..\usr\lib\x86_64-linux-gnu\cmake\boost_program_options-1.74.0\"/>
		</Unit>
		<Unit filename="/home/christina/exp/Prioritized-Planning-with-ML/../../../../usr/lib/x86_64-linux-gnu/cmake/boost_program_options-1.74.0/libboost_program_options-variant-static.cmake">
			<Option virtualFolder="CMake Files\..\..\..\..\usr\lib\x86_64-linux-gnu\cmake\boost_program_options-1.74.0\"/>
		</Unit>
		<Unit filename="/home/christina/exp/Prioritized-Planning-with-ML/../../../../usr/lib/x86_64-linux-gnu/cmake/boost_system-1.74.0/boost_system-config-version.cmake">
			<Option virtualFolder="CMake Files\..\..\..\..\usr\lib\x86_64-linux-gnu\cmake\boost_system-1.74.0\"/>
		</Unit>
		<Unit filename="/home/christina/exp/Prioritized-Planning-with-ML/../../../../usr/lib/x86_64-linux-gnu/cmake/boost_system-1.74.0/boost_system-config.cmake">
			<Option virtualFolder="CMake Files\..\..\..\..\usr\lib\x86_64-linux-gnu\cmake\boost_system-1.74.0\"/>
		</Unit>
		<Unit filename="/home/christina/exp/Prioritized-Planning-with-ML/../../../../usr/lib/x86_64-linux-gnu/cmake/boost_system-1.74.0/libboost_system-variant-shared.cmake">
			<Option virtualFolder="CMake Files\..\..\..\..\usr\lib\x86_64-linux-gnu\cmake\boost_system-1.74.0\"/>
		</Unit>
		<Unit filename="/home/christina/exp/Prioritized-Planning-with-ML/../../../../usr/lib/x86_64-linux-gnu/cmake/boost_system-1.74.0/libboost_system-variant-static.cmake">
			<Option virtualFolder="CMake Files\..\..\..\..\usr\lib\x86_64-linux-gnu\cmake\boost_system-1.74.0\"/>
		</Unit>
		<Unit filename="/home/christina/exp/Prioritized-Planning-with-ML/../../../../usr/lib/x86_64-linux-gnu/cmake/boost_filesystem-1.74.0/boost_filesystem-config-version.cmake">
			<Option virtualFolder="CMake Files\..\..\..\..\usr\lib\x86_64-linux-gnu\cmake\boost_filesystem-1.74.0\"/>
		</Unit>
		<Unit filename="/home/christina/exp/Prioritized-Planning-with-ML/../../../../usr/lib/x86_64-linux-gnu/cmake/boost_filesystem-1.74.0/boost_filesystem-config.cmake">
			<Option virtualFolder="CMake Files\..\..\..\..\usr\lib\x86_64-linux-gnu\cmake\boost_filesystem-1.74.0\"/>
		</Unit>
		<Unit filename="/home/christina/exp/Prioritized-Planning-with-ML/../../../../usr/lib/x86_64-linux-gnu/cmake/boost_filesystem-1.74.0/libboost_filesystem-variant-shared.cmake">
			<Option virtualFolder="CMake Files\..\..\..\..\usr\lib\x86_64-linux-gnu\cmake\boost_filesystem-1.74.0\"/>
		</Unit>
		<Unit filename="/home/christina/exp/Prioritized-Planning-with-ML/../../../../usr/lib/x86_64-linux-gnu/cmake/boost_filesystem-1.74.0/libboost_filesystem-variant-static.cmake">
			<Option virtualFolder="CMake Files\..\..\..\..\usr\lib\x86_64-linux-gnu\cmake\boost_filesystem-1.74.0\"/>
		</Unit>
		<Unit filename="/home/christina/exp/Prioritized-Planning-with-ML/../../../../usr/local/lib/cmake/dlib/dlib-release.cmake">
			<Option virtualFolder="CMake Files\..\..\..\..\usr\local\lib\cmake\dlib\"/>
		</Unit>
		<Unit filename="/home/christina/exp/Prioritized-Planning-with-ML/../../../../usr/local/lib/cmake/dlib/dlib.cmake">
			<Option virtualFolder="CMake Files\..\..\..\..\usr\local\lib\cmake\dlib\"/>
		</Unit>
		<Unit filename="/home/christina/exp/Prioritized-Planning-with-ML/../../../../usr/local/lib/cmake/dlib/dlibConfig.cmake">
			<Option virtualFolder="CMake Files\..\..\..\..\usr\local\lib\cmake\dlib\"/>
		</Unit>
		<Unit filename="/home/christina/exp/Prioritized-Planning-with-ML/../../../../usr/local/lib/cmake/dlib/dlibConfigVersion.cmake">
			<Option virtualFolder="CMake Files\..\..\..\..\usr\local\lib\cmake\dlib\"/>
		</Unit>
	</Project>
</CodeBlocks_project_file>
